// !$*UTF8*$!
{
	archiveVersion = 1;
	classes = {
	};
	objectVersion = 50;
	objects = {

/* Begin PBXBuildFile section */
		57015DCB23E0550F00DC25C9 /* AppDelegate.swift in Sources */ = {isa = PBXBuildFile; fileRef = 57015DCA23E0550F00DC25C9 /* AppDelegate.swift */; };
		57015DCD23E0550F00DC25C9 /* ViewController.swift in Sources */ = {isa = PBXBuildFile; fileRef = 57015DCC23E0550F00DC25C9 /* ViewController.swift */; };
		57015DD023E0550F00DC25C9 /* Main.storyboard in Resources */ = {isa = PBXBuildFile; fileRef = 57015DCE23E0550F00DC25C9 /* Main.storyboard */; };
		57015DD223E0550F00DC25C9 /* Assets.xcassets in Resources */ = {isa = PBXBuildFile; fileRef = 57015DD123E0550F00DC25C9 /* Assets.xcassets */; };
		57015DD523E0550F00DC25C9 /* LaunchScreen.storyboard in Resources */ = {isa = PBXBuildFile; fileRef = 57015DD323E0550F00DC25C9 /* LaunchScreen.storyboard */; };
		573E86E923EA8EE5008FB3A4 /* TranslationAPIManager.swift in Sources */ = {isa = PBXBuildFile; fileRef = 573E86E823EA8EE5008FB3A4 /* TranslationAPIManager.swift */; };
		57BE4F9223EA60CC0070ADD8 /* SendData.swift in Sources */ = {isa = PBXBuildFile; fileRef = 57BE4F9123EA60CC0070ADD8 /* SendData.swift */; };
		57BE4F9423EA60E00070ADD8 /* ReceiveData.swift in Sources */ = {isa = PBXBuildFile; fileRef = 57BE4F9323EA60E00070ADD8 /* ReceiveData.swift */; };
/* End PBXBuildFile section */

/* Begin PBXFileReference section */
		57015DC723E0550F00DC25C9 /* Japanesetranslation.app */ = {isa = PBXFileReference; explicitFileType = wrapper.application; includeInIndex = 0; path = Japanesetranslation.app; sourceTree = BUILT_PRODUCTS_DIR; };
		57015DCA23E0550F00DC25C9 /* AppDelegate.swift */ = {isa = PBXFileReference; lastKnownFileType = sourcecode.swift; path = AppDelegate.swift; sourceTree = "<group>"; };
		57015DCC23E0550F00DC25C9 /* ViewController.swift */ = {isa = PBXFileReference; lastKnownFileType = sourcecode.swift; path = ViewController.swift; sourceTree = "<group>"; };
		57015DCF23E0550F00DC25C9 /* Base */ = {isa = PBXFileReference; lastKnownFileType = file.storyboard; name = Base; path = Base.lproj/Main.storyboard; sourceTree = "<group>"; };
		57015DD123E0550F00DC25C9 /* Assets.xcassets */ = {isa = PBXFileReference; lastKnownFileType = folder.assetcatalog; path = Assets.xcassets; sourceTree = "<group>"; };
		57015DD423E0550F00DC25C9 /* Base */ = {isa = PBXFileReference; lastKnownFileType = file.storyboard; name = Base; path = Base.lproj/LaunchScreen.storyboard; sourceTree = "<group>"; };
		57015DD623E0550F00DC25C9 /* Info.plist */ = {isa = PBXFileReference; lastKnownFileType = text.plist.xml; path = Info.plist; sourceTree = "<group>"; };
		573E86E823EA8EE5008FB3A4 /* TranslationAPIManager.swift */ = {isa = PBXFileReference; lastKnownFileType = sourcecode.swift; path = TranslationAPIManager.swift; sourceTree = "<group>"; };
		57BE4F9123EA60CC0070ADD8 /* SendData.swift */ = {isa = PBXFileReference; lastKnownFileType = sourcecode.swift; path = SendData.swift; sourceTree = "<group>"; };
		57BE4F9323EA60E00070ADD8 /* ReceiveData.swift */ = {isa = PBXFileReference; lastKnownFileType = sourcecode.swift; path = ReceiveData.swift; sourceTree = "<group>"; };
/* End PBXFileReference section */

/* Begin PBXFrameworksBuildPhase section */
		57015DC423E0550F00DC25C9 /* Frameworks */ = {
			isa = PBXFrameworksBuildPhase;
			buildActionMask = 2147483647;
			files = (
			);
			runOnlyForDeploymentPostprocessing = 0;
		};
/* End PBXFrameworksBuildPhase section */

/* Begin PBXGroup section */
		57015DBE23E0550F00DC25C9 = {
			isa = PBXGroup;
			children = (
				57015DC923E0550F00DC25C9 /* Japanesetranslation */,
				57015DC823E0550F00DC25C9 /* Products */,
			);
			sourceTree = "<group>";
		};
		57015DC823E0550F00DC25C9 /* Products */ = {
			isa = PBXGroup;
			children = (
				57015DC723E0550F00DC25C9 /* Japanesetranslation.app */,
			);
			name = Products;
			sourceTree = "<group>";
		};
		57015DC923E0550F00DC25C9 /* Japanesetranslation */ = {
			isa = PBXGroup;
			children = (
				57BE4F8A23E9B0E30070ADD8 /* Model */,
				5747C33F23E1B4C60023D5CB /* API */,
				57015DCA23E0550F00DC25C9 /* AppDelegate.swift */,
				57015DCC23E0550F00DC25C9 /* ViewController.swift */,
				57015DCE23E0550F00DC25C9 /* Main.storyboard */,
				57015DD123E0550F00DC25C9 /* Assets.xcassets */,
				57015DD323E0550F00DC25C9 /* LaunchScreen.storyboard */,
				57015DD623E0550F00DC25C9 /* Info.plist */,
			);
			path = Japanesetranslation;
			sourceTree = "<group>";
		};
		5747C33F23E1B4C60023D5CB /* API */ = {
			isa = PBXGroup;
			children = (
				573E86E823EA8EE5008FB3A4 /* TranslationAPIManager.swift */,
			);
			path = API;
			sourceTree = "<group>";
		};
		57BE4F8A23E9B0E30070ADD8 /* Model */ = {
			isa = PBXGroup;
			children = (
				57BE4F9123EA60CC0070ADD8 /* SendData.swift */,
				57BE4F9323EA60E00070ADD8 /* ReceiveData.swift */,
			);
			path = Model;
			sourceTree = "<group>";
		};
/* End PBXGroup section */

/* Begin PBXNativeTarget section */
		57015DC623E0550F00DC25C9 /* Japanesetranslation */ = {
			isa = PBXNativeTarget;
			buildConfigurationList = 57015DD923E0550F00DC25C9 /* Build configuration list for PBXNativeTarget "Japanesetranslation" */;
			buildPhases = (
				57015DC323E0550F00DC25C9 /* Sources */,
				57015DC423E0550F00DC25C9 /* Frameworks */,
				57015DC523E0550F00DC25C9 /* Resources */,
			);
			buildRules = (
			);
			dependencies = (
			);
			name = Japanesetranslation;
			productName = Japanesetranslation;
			productReference = 57015DC723E0550F00DC25C9 /* Japanesetranslation.app */;
			productType = "com.apple.product-type.application";
		};
/* End PBXNativeTarget section */

/* Begin PBXProject section */
		57015DBF23E0550F00DC25C9 /* Project object */ = {
			isa = PBXProject;
			attributes = {
				LastSwiftUpdateCheck = 1020;
				LastUpgradeCheck = 1020;
				ORGANIZATIONNAME = "jeong gwanjin";
				TargetAttributes = {
					57015DC623E0550F00DC25C9 = {
						CreatedOnToolsVersion = 10.2;
					};
				};
			};
			buildConfigurationList = 57015DC223E0550F00DC25C9 /* Build configuration list for PBXProject "Japanesetranslation" */;
			compatibilityVersion = "Xcode 9.3";
			developmentRegion = en;
			hasScannedForEncodings = 0;
			knownRegions = (
				en,
				Base,
			);
			mainGroup = 57015DBE23E0550F00DC25C9;
			productRefGroup = 57015DC823E0550F00DC25C9 /* Products */;
			projectDirPath = "";
			projectRoot = "";
			targets = (
				57015DC623E0550F00DC25C9 /* Japanesetranslation */,
			);
		};
/* End PBXProject section */

/* Begin PBXResourcesBuildPhase section */
		57015DC523E0550F00DC25C9 /* Resources */ = {
			isa = PBXResourcesBuildPhase;
			buildActionMask = 2147483647;
			files = (
				57015DD523E0550F00DC25C9 /* LaunchScreen.storyboard in Resources */,
				57015DD223E0550F00DC25C9 /* Assets.xcassets in Resources */,
				57015DD023E0550F00DC25C9 /* Main.storyboard in Resources */,
			);
			runOnlyForDeploymentPostprocessing = 0;
		};
/* End PBXResourcesBuildPhase section */

/* Begin PBXSourcesBuildPhase section */
		57015DC323E0550F00DC25C9 /* Sources */ = {
			isa = PBXSourcesBuildPhase;
			buildActionMask = 2147483647;
			files = (
				57015DCD23E0550F00DC25C9 /* ViewController.swift in Sources */,
				573E86E923EA8EE5008FB3A4 /* TranslationAPIManager.swift in Sources */,
				57BE4F9223EA60CC0070ADD8 /* SendData.swift in Sources */,
				57BE4F9423EA60E00070ADD8 /* ReceiveData.swift in Sources */,
				57015DCB23E0550F00DC25C9 /* AppDelegate.swift in Sources */,
			);
			runOnlyForDeploymentPostprocessing = 0;
		};
/* End PBXSourcesBuildPhase section */

/* Begin PBXVariantGroup section */
		57015DCE23E0550F00DC25C9 /* Main.storyboard */ = {
			isa = PBXVariantGroup;
			children = (
				57015DCF23E0550F00DC25C9 /* Base */,
			);
			name = Main.storyboard;
			sourceTree = "<group>";
		};
		57015DD323E0550F00DC25C9 /* LaunchScreen.storyboard */ = {
			isa = PBXVariantGroup;
			children = (
				57015DD423E0550F00DC25C9 /* Base */,
			);
			name = LaunchScreen.storyboard;
			sourceTree = "<group>";
		};
/* End PBXVariantGroup section */

/* Begin XCBuildConfiguration section */
		57015DD723E0550F00DC25C9 /* Debug */ = {
			isa = XCBuildConfiguration;
			buildSettings = {
				ALWAYS_SEARCH_USER_PATHS = NO;
				CLANG_ANALYZER_NONNULL = YES;
				CLANG_ANALYZER_NUMBER_OBJECT_CONVERSION = YES_AGGRESSIVE;
				CLANG_CXX_LANGUAGE_STANDARD = "gnu++14";
				CLANG_CXX_LIBRARY = "libc++";
				CLANG_ENABLE_MODULES = YES;
				CLANG_ENABLE_OBJC_ARC = YES;
				CLANG_ENABLE_OBJC_WEAK = YES;
				CLANG_WARN_BLOCK_CAPTURE_AUTORELEASING = YES;
				CLANG_WARN_BOOL_CONVERSION = YES;
				CLANG_WARN_COMMA = YES;
				CLANG_WARN_CONSTANT_CONVERSION = YES;
				CLANG_WARN_DEPRECATED_OBJC_IMPLEMENTATIONS = YES;
				CLANG_WARN_DIRECT_OBJC_ISA_USAGE = YES_ERROR;
				CLANG_WARN_DOCUMENTATION_COMMENTS = YES;
				CLANG_WARN_EMPTY_BODY = YES;
				CLANG_WARN_ENUM_CONVERSION = YES;
				CLANG_WARN_INFINITE_RECURSION = YES;
				CLANG_WARN_INT_CONVERSION = YES;
				CLANG_WARN_NON_LITERAL_NULL_CONVERSION = YES;
				CLANG_WARN_OBJC_IMPLICIT_RETAIN_SELF = YES;
				CLANG_WARN_OBJC_LITERAL_CONVERSION = YES;
				CLANG_WARN_OBJC_ROOT_CLASS = YES_ERROR;
				CLANG_WARN_RANGE_LOOP_ANALYSIS = YES;
				CLANG_WARN_STRICT_PROTOTYPES = YES;
				CLANG_WARN_SUSPICIOUS_MOVE = YES;
				CLANG_WARN_UNGUARDED_AVAILABILITY = YES_AGGRESSIVE;
				CLANG_WARN_UNREACHABLE_CODE = YES;
				CLANG_WARN__DUPLICATE_METHOD_MATCH = YES;
				CODE_SIGN_IDENTITY = "iPhone Developer";
				COPY_PHASE_STRIP = NO;
				DEBUG_INFORMATION_FORMAT = dwarf;
				ENABLE_STRICT_OBJC_MSGSEND = YES;
				ENABLE_TESTABILITY = YES;
				GCC_C_LANGUAGE_STANDARD = gnu11;
				GCC_DYNAMIC_NO_PIC = NO;
				GCC_NO_COMMON_BLOCKS = YES;
				GCC_OPTIMIZATION_LEVEL = 0;
				GCC_PREPROCESSOR_DEFINITIONS = (
					"DEBUG=1",
					"$(inherited)",
				);
				GCC_WARN_64_TO_32_BIT_CONVERSION = YES;
				GCC_WARN_ABOUT_RETURN_TYPE = YES_ERROR;
				GCC_WARN_UNDECLARED_SELECTOR = YES;
				GCC_WARN_UNINITIALIZED_AUTOS = YES_AGGRESSIVE;
				GCC_WARN_UNUSED_FUNCTION = YES;
				GCC_WARN_UNUSED_VARIABLE = YES;
				IPHONEOS_DEPLOYMENT_TARGET = 12.2;
				MTL_ENABLE_DEBUG_INFO = INCLUDE_SOURCE;
				MTL_FAST_MATH = YES;
				ONLY_ACTIVE_ARCH = YES;
				SDKROOT = iphoneos;
				SWIFT_ACTIVE_COMPILATION_CONDITIONS = DEBUG;
				SWIFT_OPTIMIZATION_LEVEL = "-Onone";
			};
			name = Debug;
		};
		57015DD823E0550F00DC25C9 /* Release */ = {
			isa = XCBuildConfiguration;
			buildSettings = {
				ALWAYS_SEARCH_USER_PATHS = NO;
				CLANG_ANALYZER_NONNULL = YES;
				CLANG_ANALYZER_NUMBER_OBJECT_CONVERSION = YES_AGGRESSIVE;
				CLANG_CXX_LANGUAGE_STANDARD = "gnu++14";
				CLANG_CXX_LIBRARY = "libc++";
				CLANG_ENABLE_MODULES = YES;
				CLANG_ENABLE_OBJC_ARC = YES;
				CLANG_ENABLE_OBJC_WEAK = YES;
				CLANG_WARN_BLOCK_CAPTURE_AUTORELEASING = YES;
				CLANG_WARN_BOOL_CONVERSION = YES;
				CLANG_WARN_COMMA = YES;
				CLANG_WARN_CONSTANT_CONVERSION = YES;
				CLANG_WARN_DEPRECATED_OBJC_IMPLEMENTATIONS = YES;
				CLANG_WARN_DIRECT_OBJC_ISA_USAGE = YES_ERROR;
				CLANG_WARN_DOCUMENTATION_COMMENTS = YES;
				CLANG_WARN_EMPTY_BODY = YES;
				CLANG_WARN_ENUM_CONVERSION = YES;
				CLANG_WARN_INFINITE_RECURSION = YES;
				CLANG_WARN_INT_CONVERSION = YES;
				CLANG_WARN_NON_LITERAL_NULL_CONVERSION = YES;
				CLANG_WARN_OBJC_IMPLICIT_RETAIN_SELF = YES;
				CLANG_WARN_OBJC_LITERAL_CONVERSION = YES;
				CLANG_WARN_OBJC_ROOT_CLASS = YES_ERROR;
				CLANG_WARN_RANGE_LOOP_ANALYSIS = YES;
				CLANG_WARN_STRICT_PROTOTYPES = YES;
				CLANG_WARN_SUSPICIOUS_MOVE = YES;
				CLANG_WARN_UNGUARDED_AVAILABILITY = YES_AGGRESSIVE;
				CLANG_WARN_UNREACHABLE_CODE = YES;
				CLANG_WARN__DUPLICATE_METHOD_MATCH = YES;
				CODE_SIGN_IDENTITY = "iPhone Developer";
				COPY_PHASE_STRIP = NO;
				DEBUG_INFORMATION_FORMAT = "dwarf-with-dsym";
				ENABLE_NS_ASSERTIONS = NO;
				ENABLE_STRICT_OBJC_MSGSEND = YES;
				GCC_C_LANGUAGE_STANDARD = gnu11;
				GCC_NO_COMMON_BLOCKS = YES;
				GCC_WARN_64_TO_32_BIT_CONVERSION = YES;
				GCC_WARN_ABOUT_RETURN_TYPE = YES_ERROR;
				GCC_WARN_UNDECLARED_SELECTOR = YES;
				GCC_WARN_UNINITIALIZED_AUTOS = YES_AGGRESSIVE;
				GCC_WARN_UNUSED_FUNCTION = YES;
				GCC_WARN_UNUSED_VARIABLE = YES;
				IPHONEOS_DEPLOYMENT_TARGET = 12.2;
				MTL_ENABLE_DEBUG_INFO = NO;
				MTL_FAST_MATH = YES;
				SDKROOT = iphoneos;
				SWIFT_COMPILATION_MODE = wholemodule;
				SWIFT_OPTIMIZATION_LEVEL = "-O";
				VALIDATE_PRODUCT = YES;
			};
			name = Release;
		};
		57015DDA23E0550F00DC25C9 /* Debug */ = {
			isa = XCBuildConfiguration;
			buildSettings = {
				ASSETCATALOG_COMPILER_APPICON_NAME = AppIcon;
				CODE_SIGN_STYLE = Manual;
				DEVELOPMENT_TEAM = "";
				INFOPLIST_FILE = Japanesetranslation/Info.plist;
				IPHONEOS_DEPLOYMENT_TARGET = 12.0;
				LD_RUNPATH_SEARCH_PATHS = (
					"$(inherited)",
					"@executable_path/Frameworks",
				);
				PRODUCT_BUNDLE_IDENTIFIER = com.jeong.gwanjin.Japanesetranslation;
				PRODUCT_NAME = "$(TARGET_NAME)";
				PROVISIONING_PROFILE_SPECIFIER = "";
				SWIFT_VERSION = 5.0;
				TARGETED_DEVICE_FAMILY = "1,2";
			};
			name = Debug;
		};
		57015DDB23E0550F00DC25C9 /* Release */ = {
			isa = XCBuildConfiguration;
			buildSettings = {
				ASSETCATALOG_COMPILER_APPICON_NAME = AppIcon;
				CODE_SIGN_STYLE = Manual;
				DEVELOPMENT_TEAM = "";
				INFOPLIST_FILE = Japanesetranslation/Info.plist;
				IPHONEOS_DEPLOYMENT_TARGET = 12.0;
				LD_RUNPATH_SEARCH_PATHS = (
					"$(inherited)",
					"@executable_path/Frameworks",
				);
				PRODUCT_BUNDLE_IDENTIFIER = com.jeong.gwanjin.Japanesetranslation;
				PRODUCT_NAME = "$(TARGET_NAME)";
				PROVISIONING_PROFILE_SPECIFIER = "";
				SWIFT_VERSION = 5.0;
				TARGETED_DEVICE_FAMILY = "1,2";
			};
			name = Release;
		};
/* End XCBuildConfiguration section */

/* Begin XCConfigurationList section */
		57015DC223E0550F00DC25C9 /* Build configuration list for PBXProject "Japanesetranslation" */ = {
			isa = XCConfigurationList;
			buildConfigurations = (
				57015DD723E0550F00DC25C9 /* Debug */,
				57015DD823E0550F00DC25C9 /* Release */,
			);
			defaultConfigurationIsVisible = 0;
			defaultConfigurationName = Release;
		};
		57015DD923E0550F00DC25C9 /* Build configuration list for PBXNativeTarget "Japanesetranslation" */ = {
			isa = XCConfigurationList;
			buildConfigurations = (
				57015DDA23E0550F00DC25C9 /* Debug */,
				57015DDB23E0550F00DC25C9 /* Release */,
			);
			defaultConfigurationIsVisible = 0;
			defaultConfigurationName = Release;
		};
/* End XCConfigurationList section */
	};
	rootObject = 57015DBF23E0550F00DC25C9 /* Project object */;
}
